{
  "requires": true,
  "lockfileVersion": 1,
  "dependencies": {
    "angular": {
      "version": "1.6.9",
      "resolved": "https://registry.npmjs.org/angular/-/angular-1.6.9.tgz",
      "integrity": "sha512-6igWH2GIsxV+J38wNWCh8oyjaZsrIPIDO35twloIUyjlF2Yit6UyLAWujHP05ma/LFxTsx4NtYibRoMNBXPR1A=="
    },
    "jquery": {
      "version": "3.3.1",
      "resolved": "https://registry.npmjs.org/jquery/-/jquery-3.3.1.tgz",
      "integrity": "sha512-Ubldcmxp5np52/ENotGxlLe6aGMvmF4R8S6tZjsP6Knsaxd/xp3Zrh50cG93lR6nPXyUFwzN3ZSOQI0wRJNdGg=="
    }
  }
}
