{
  "requires": true,
  "lockfileVersion": 1,
  "dependencies": {
    "@types/angular": {
      "version": "1.6.42",
      "resolved": "https://registry.npmjs.org/@types/angular/-/angular-1.6.42.tgz",
      "integrity": "sha512-JKx/tYYWzVRGQs/FF9Jo55VsF9Vb4D2/CMS1M6fyWOI1dq0dLzt0obJfmxtbgBgjBVzcBJW0ikMJ8oz96Dx7Ow=="
    },
    "@types/angular-route": {
      "version": "1.3.4",
      "resolved": "https://registry.npmjs.org/@types/angular-route/-/angular-route-1.3.4.tgz",
      "integrity": "sha512-92OQR2FmH4whfVfvCZmZYkih8zKlRBXgsgs39dUv3YlVsjRgjByweMFA8N2Qh9zpDul5gQCFvQCajGrYqxyn4A==",
      "requires": {
        "@types/angular": "1.6.42"
      }
    }
  }
}
