{
  "name": "cobloga",
  "version": "1.0.0",
  "lockfileVersion": 1,
  "requires": true,
  "dependencies": {
    "angular": {
      "version": "1.6.9",
      "resolved": "https://registry.npmjs.org/angular/-/angular-1.6.9.tgz",
      "integrity": "sha512-6igWH2GIsxV+J38wNWCh8oyjaZsrIPIDO35twloIUyjlF2Yit6UyLAWujHP05ma/LFxTsx4NtYibRoMNBXPR1A==",
      "dev": true
    },
    "angular-ui-tinymce": {
      "version": "0.0.5",
      "resolved": "https://registry.npmjs.org/angular-ui-tinymce/-/angular-ui-tinymce-0.0.5.tgz",
      "integrity": "sha1-xRqZ3jIFN8RNbQ7HZYiClYXVnyk=",
      "dev": true
    },
    "bootstrap": {
      "version": "3.3.7",
      "resolved": "https://registry.npmjs.org/bootstrap/-/bootstrap-3.3.7.tgz",
      "integrity": "sha1-WjiTlFSfIzMIdaOxUGVldPip63E=",
      "dev": true
    },
    "jquery": {
      "version": "1.9.1",
      "resolved": "https://registry.npmjs.org/jquery/-/jquery-1.9.1.tgz",
      "integrity": "sha1-5M1INfqu+63lNYV2E8D8P/KtrzQ=",
      "dev": true
    },
    "tinymce": {
      "version": "4.7.6",
      "resolved": "https://registry.npmjs.org/tinymce/-/tinymce-4.7.6.tgz",
      "integrity": "sha512-mdbeMvCOO0ws0HXiZO9L8mDGFA9/VmDHltlt+/9qV0Fl1EWKWoPIRURHFtiFYuLKo9yjYUvYucwiZ1XfCT/91Q==",
      "dev": true
    }
  }
}
